
Microsoft Visual Studio Solution File, Format Version 12.00
# Visual Studio Version 16
VisualStudioVersion = 16.0.30204.135
MinimumVisualStudioVersion = 10.0.40219.1
Project("{9A19103F-16F7-4668-BE54-9A1E7A4F7556}") = "FileHandler.Application", "FileHandler.Application\FileHandler.Application.csproj", "{8EC41F11-3292-40B5-82DD-228C3A8332B7}"
EndProject
Project("{9A19103F-16F7-4668-BE54-9A1E7A4F7556}") = "FileHandler.Domain", "FileHandler.Domain\FileHandler.Domain.csproj", "{8AE09BCC-42C3-4B23-9AFC-E9F40BE3A2B0}"
EndProject
Project("{9A19103F-16F7-4668-BE54-9A1E7A4F7556}") = "FileHandler.Tests", "FileHandler.Tests\FileHandler.Tests.csproj", "{06C8C0E2-49CC-42B6-947E-A459728DE8CB}"
EndProject
Global
	GlobalSection(SolutionConfigurationPlatforms) = preSolution
		Debug|Any CPU = Debug|Any CPU
		Release|Any CPU = Release|Any CPU
	EndGlobalSection
	GlobalSection(ProjectConfigurationPlatforms) = postSolution
		{8EC41F11-3292-40B5-82DD-228C3A8332B7}.Debug|Any CPU.ActiveCfg = Debug|Any CPU
		{8EC41F11-3292-40B5-82DD-228C3A8332B7}.Debug|Any CPU.Build.0 = Debug|Any CPU
		{8EC41F11-3292-40B5-82DD-228C3A8332B7}.Release|Any CPU.ActiveCfg = Release|Any CPU
		{8EC41F11-3292-40B5-82DD-228C3A8332B7}.Release|Any CPU.Build.0 = Release|Any CPU
		{8AE09BCC-42C3-4B23-9AFC-E9F40BE3A2B0}.Debug|Any CPU.ActiveCfg = Debug|Any CPU
		{8AE09BCC-42C3-4B23-9AFC-E9F40BE3A2B0}.Debug|Any CPU.Build.0 = Debug|Any CPU
		{8AE09BCC-42C3-4B23-9AFC-E9F40BE3A2B0}.Release|Any CPU.ActiveCfg = Release|Any CPU
		{8AE09BCC-42C3-4B23-9AFC-E9F40BE3A2B0}.Release|Any CPU.Build.0 = Release|Any CPU
		{06C8C0E2-49CC-42B6-947E-A459728DE8CB}.Debug|Any CPU.ActiveCfg = Debug|Any CPU
		{06C8C0E2-49CC-42B6-947E-A459728DE8CB}.Debug|Any CPU.Build.0 = Debug|Any CPU
		{06C8C0E2-49CC-42B6-947E-A459728DE8CB}.Release|Any CPU.ActiveCfg = Release|Any CPU
		{06C8C0E2-49CC-42B6-947E-A459728DE8CB}.Release|Any CPU.Build.0 = Release|Any CPU
	EndGlobalSection
	GlobalSection(SolutionProperties) = preSolution
		HideSolutionNode = FALSE
	EndGlobalSection
	GlobalSection(ExtensibilityGlobals) = postSolution
		SolutionGuid = {86ED677A-E813-4B21-BC1B-2931616CA1BA}
	EndGlobalSection
EndGlobal
